
Microsoft Visual Studio Solution File, Format Version 12.00
# Visual Studio Version 17
VisualStudioVersion = 17.3.32929.385
MinimumVisualStudioVersion = 10.0.40219.1
Project("{9A19103F-16F7-4668-BE54-9A1E7A4F7556}") = "ProductAPI", "ProductAPI\ProductAPI.csproj", "{70CCFEF1-FEC1-4CE6-8F97-CC9E24183D78}"
EndProject
Project("{9A19103F-16F7-4668-BE54-9A1E7A4F7556}") = "UserAPI", "UserAPI\UserAPI.csproj", "{AEA21FB7-4508-4A81-B96F-FB8D4A1CAAB3}"
EndProject
Project("{2150E333-8FDC-42A3-9474-1A3956D46DE8}") = "Microservices", "Microservices", "{B10B2461-A946-4DA7-B24B-DC4379C1C49F}"
EndProject
Project("{FAE04EC0-301F-11D3-BF4B-00C04F79EFBC}") = "OcelotGateway", "OcelotGateway\OcelotGateway.csproj", "{1ECD273D-7DDE-4906-B27E-22CB7CB2B621}"
EndProject
Global
	GlobalSection(SolutionConfigurationPlatforms) = preSolution
		Debug|Any CPU = Debug|Any CPU
		Release|Any CPU = Release|Any CPU
	EndGlobalSection
	GlobalSection(ProjectConfigurationPlatforms) = postSolution
		{70CCFEF1-FEC1-4CE6-8F97-CC9E24183D78}.Debug|Any CPU.ActiveCfg = Debug|Any CPU
		{70CCFEF1-FEC1-4CE6-8F97-CC9E24183D78}.Debug|Any CPU.Build.0 = Debug|Any CPU
		{70CCFEF1-FEC1-4CE6-8F97-CC9E24183D78}.Release|Any CPU.ActiveCfg = Release|Any CPU
		{70CCFEF1-FEC1-4CE6-8F97-CC9E24183D78}.Release|Any CPU.Build.0 = Release|Any CPU
		{AEA21FB7-4508-4A81-B96F-FB8D4A1CAAB3}.Debug|Any CPU.ActiveCfg = Debug|Any CPU
		{AEA21FB7-4508-4A81-B96F-FB8D4A1CAAB3}.Debug|Any CPU.Build.0 = Debug|Any CPU
		{AEA21FB7-4508-4A81-B96F-FB8D4A1CAAB3}.Release|Any CPU.ActiveCfg = Release|Any CPU
		{AEA21FB7-4508-4A81-B96F-FB8D4A1CAAB3}.Release|Any CPU.Build.0 = Release|Any CPU
		{1ECD273D-7DDE-4906-B27E-22CB7CB2B621}.Debug|Any CPU.ActiveCfg = Debug|Any CPU
		{1ECD273D-7DDE-4906-B27E-22CB7CB2B621}.Debug|Any CPU.Build.0 = Debug|Any CPU
		{1ECD273D-7DDE-4906-B27E-22CB7CB2B621}.Release|Any CPU.ActiveCfg = Release|Any CPU
		{1ECD273D-7DDE-4906-B27E-22CB7CB2B621}.Release|Any CPU.Build.0 = Release|Any CPU
	EndGlobalSection
	GlobalSection(SolutionProperties) = preSolution
		HideSolutionNode = FALSE
	EndGlobalSection
	GlobalSection(NestedProjects) = preSolution
		{70CCFEF1-FEC1-4CE6-8F97-CC9E24183D78} = {B10B2461-A946-4DA7-B24B-DC4379C1C49F}
		{AEA21FB7-4508-4A81-B96F-FB8D4A1CAAB3} = {B10B2461-A946-4DA7-B24B-DC4379C1C49F}
	EndGlobalSection
	GlobalSection(ExtensibilityGlobals) = postSolution
		SolutionGuid = {C2BA7F65-7FAD-4746-B81B-DA53C87869A6}
	EndGlobalSection
EndGlobal
